// !$*UTF8*$!
{
	archiveVersion = 1;
	classes = {
	};
	objectVersion = 55;
	objects = {

/* Begin PBXBuildFile section */
		E70448E22803A9110045A1AE /* WaveformView.swift in Sources */ = {isa = PBXBuildFile; fileRef = E70448E12803A9110045A1AE /* WaveformView.swift */; };
		E71FDB3C27D3F89200A9C88B /* Swift+Extensions.swift in Sources */ = {isa = PBXBuildFile; fileRef = E71FDB3B27D3F89200A9C88B /* Swift+Extensions.swift */; };
		E71FDB7927E66D7E00A9C88B /* Persistence.swift in Sources */ = {isa = PBXBuildFile; fileRef = E71FDB7827E66D7E00A9C88B /* Persistence.swift */; };
		E71FDB7C27E66DB100A9C88B /* Wasserflug.xcdatamodeld in Sources */ = {isa = PBXBuildFile; fileRef = E71FDB7A27E66DB100A9C88B /* Wasserflug.xcdatamodeld */; };
		E753374127CAFAFF0010E3D2 /* Assets.xcassets in Resources */ = {isa = PBXBuildFile; fileRef = E753374027CAFAFF0010E3D2 /* Assets.xcassets */; };
		E753374427CAFAFF0010E3D2 /* Preview Assets.xcassets in Resources */ = {isa = PBXBuildFile; fileRef = E753374327CAFAFF0010E3D2 /* Preview Assets.xcassets */; };
		E753374E27CAFAFF0010E3D2 /* Wasserflug_tvOSTests.swift in Sources */ = {isa = PBXBuildFile; fileRef = E753374D27CAFAFF0010E3D2 /* Wasserflug_tvOSTests.swift */; };
		E753375827CAFAFF0010E3D2 /* Wasserflug_tvOSUITests.swift in Sources */ = {isa = PBXBuildFile; fileRef = E753375727CAFAFF0010E3D2 /* Wasserflug_tvOSUITests.swift */; };
		E753375A27CAFAFF0010E3D2 /* Wasserflug_tvOSUITestsLaunchTests.swift in Sources */ = {isa = PBXBuildFile; fileRef = E753375927CAFAFF0010E3D2 /* Wasserflug_tvOSUITestsLaunchTests.swift */; };
		E753376827CAFF550010E3D2 /* CachedAsyncImage in Frameworks */ = {isa = PBXBuildFile; productRef = E753376727CAFF550010E3D2 /* CachedAsyncImage */; };
		E753376B27CB01FD0010E3D2 /* Vapor in Frameworks */ = {isa = PBXBuildFile; productRef = E753376A27CB01FD0010E3D2 /* Vapor */; };
		E753377727CB066E0010E3D2 /* Authentication.swift in Sources */ = {isa = PBXBuildFile; fileRef = E753377027CB066E0010E3D2 /* Authentication.swift */; };
		E753377827CB066E0010E3D2 /* FloatplaneAPIClient+Extensions.swift in Sources */ = {isa = PBXBuildFile; fileRef = E753377127CB066E0010E3D2 /* FloatplaneAPIClient+Extensions.swift */; };
		E753377B27CB066E0010E3D2 /* FPAPIService.swift in Sources */ = {isa = PBXBuildFile; fileRef = E753377427CB066E0010E3D2 /* FPAPIService.swift */; };
		E753377D27CB066E0010E3D2 /* OSLoggingLogger.swift in Sources */ = {isa = PBXBuildFile; fileRef = E753377627CB066E0010E3D2 /* OSLoggingLogger.swift */; };
		E753377F27CB06800010E3D2 /* Wasserflug_tvOSApp.swift in Sources */ = {isa = PBXBuildFile; fileRef = E753377E27CB06800010E3D2 /* Wasserflug_tvOSApp.swift */; };
		E753379E27CB06BE0010E3D2 /* BlogPostContentView.swift in Sources */ = {isa = PBXBuildFile; fileRef = E753378127CB06BE0010E3D2 /* BlogPostContentView.swift */; };
		E753379F27CB06BE0010E3D2 /* VideoPlayerView.swift in Sources */ = {isa = PBXBuildFile; fileRef = E753378227CB06BE0010E3D2 /* VideoPlayerView.swift */; };
		E75337A027CB06BE0010E3D2 /* PlayButton.swift in Sources */ = {isa = PBXBuildFile; fileRef = E753378327CB06BE0010E3D2 /* PlayButton.swift */; };
		E75337A127CB06BE0010E3D2 /* PlayMediaView.swift in Sources */ = {isa = PBXBuildFile; fileRef = E753378427CB06BE0010E3D2 /* PlayMediaView.swift */; };
		E75337A227CB06BE0010E3D2 /* BlogPostSelectionView.swift in Sources */ = {isa = PBXBuildFile; fileRef = E753378527CB06BE0010E3D2 /* BlogPostSelectionView.swift */; };
		E75337A327CB06BE0010E3D2 /* ErrorView.swift in Sources */ = {isa = PBXBuildFile; fileRef = E753378627CB06BE0010E3D2 /* ErrorView.swift */; };
		E75337A427CB06BE0010E3D2 /* BlogPostViewModel.swift in Sources */ = {isa = PBXBuildFile; fileRef = E753378827CB06BE0010E3D2 /* BlogPostViewModel.swift */; };
		E75337A527CB06BE0010E3D2 /* HomeViewModel.swift in Sources */ = {isa = PBXBuildFile; fileRef = E753378927CB06BE0010E3D2 /* HomeViewModel.swift */; };
		E75337A627CB06BE0010E3D2 /* VideoViewModel.swift in Sources */ = {isa = PBXBuildFile; fileRef = E753378A27CB06BE0010E3D2 /* VideoViewModel.swift */; };
		E75337A727CB06BE0010E3D2 /* BaseViewModel.swift in Sources */ = {isa = PBXBuildFile; fileRef = E753378B27CB06BE0010E3D2 /* BaseViewModel.swift */; };
		E75337A827CB06BE0010E3D2 /* LivestreamViewModel.swift in Sources */ = {isa = PBXBuildFile; fileRef = E753378C27CB06BE0010E3D2 /* LivestreamViewModel.swift */; };
		E75337A927CB06BE0010E3D2 /* AuthViewModel.swift in Sources */ = {isa = PBXBuildFile; fileRef = E753378D27CB06BE0010E3D2 /* AuthViewModel.swift */; };
		E75337AA27CB06BE0010E3D2 /* ViewModelState.swift in Sources */ = {isa = PBXBuildFile; fileRef = E753378E27CB06BE0010E3D2 /* ViewModelState.swift */; };
		E75337AB27CB06BE0010E3D2 /* CreatorContentViewModel.swift in Sources */ = {isa = PBXBuildFile; fileRef = E753378F27CB06BE0010E3D2 /* CreatorContentViewModel.swift */; };
		E75337AC27CB06BE0010E3D2 /* PictureViewModel.swift in Sources */ = {isa = PBXBuildFile; fileRef = E753379027CB06BE0010E3D2 /* PictureViewModel.swift */; };
		E75337AD27CB06BE0010E3D2 /* CreatorSearchView.swift in Sources */ = {isa = PBXBuildFile; fileRef = E753379227CB06BE0010E3D2 /* CreatorSearchView.swift */; };
		E75337AE27CB06BE0010E3D2 /* SettingsView.swift in Sources */ = {isa = PBXBuildFile; fileRef = E753379327CB06BE0010E3D2 /* SettingsView.swift */; };
		E75337AF27CB06BE0010E3D2 /* LoginView.swift in Sources */ = {isa = PBXBuildFile; fileRef = E753379427CB06BE0010E3D2 /* LoginView.swift */; };
		E75337B027CB06BE0010E3D2 /* VideoView.swift in Sources */ = {isa = PBXBuildFile; fileRef = E753379527CB06BE0010E3D2 /* VideoView.swift */; };
		E75337B127CB06BE0010E3D2 /* HomeView.swift in Sources */ = {isa = PBXBuildFile; fileRef = E753379627CB06BE0010E3D2 /* HomeView.swift */; };
		E75337B227CB06BE0010E3D2 /* PictureView.swift in Sources */ = {isa = PBXBuildFile; fileRef = E753379727CB06BE0010E3D2 /* PictureView.swift */; };
		E75337B327CB06BE0010E3D2 /* BlogPostView.swift in Sources */ = {isa = PBXBuildFile; fileRef = E753379827CB06BE0010E3D2 /* BlogPostView.swift */; };
		E75337B427CB06BE0010E3D2 /* CreatorContentView.swift in Sources */ = {isa = PBXBuildFile; fileRef = E753379927CB06BE0010E3D2 /* CreatorContentView.swift */; };
		E75337B527CB06BE0010E3D2 /* LivestreamPlayerView.swift in Sources */ = {isa = PBXBuildFile; fileRef = E753379A27CB06BE0010E3D2 /* LivestreamPlayerView.swift */; };
		E75337B627CB06BE0010E3D2 /* SecondFactorView.swift in Sources */ = {isa = PBXBuildFile; fileRef = E753379B27CB06BE0010E3D2 /* SecondFactorView.swift */; };
		E75337B727CB06BE0010E3D2 /* ContentView.swift in Sources */ = {isa = PBXBuildFile; fileRef = E753379C27CB06BE0010E3D2 /* ContentView.swift */; };
		E75337B827CB06BE0010E3D2 /* RootTabView.swift in Sources */ = {isa = PBXBuildFile; fileRef = E753379D27CB06BE0010E3D2 /* RootTabView.swift */; };
		E75337BC27CB07900010E3D2 /* FloatplaneAPIClient in Frameworks */ = {isa = PBXBuildFile; productRef = E75337BB27CB07900010E3D2 /* FloatplaneAPIClient */; };
		E75337BE27CB08990010E3D2 /* EnvironmentKeys.swift in Sources */ = {isa = PBXBuildFile; fileRef = E75337BD27CB08990010E3D2 /* EnvironmentKeys.swift */; };
		E7A447E92815E1C0009BCE2E /* SwiftUI+Extensions.swift in Sources */ = {isa = PBXBuildFile; fileRef = E7A447E82815E1C0009BCE2E /* SwiftUI+Extensions.swift */; };
/* End PBXBuildFile section */

/* Begin PBXContainerItemProxy section */
		E753374A27CAFAFF0010E3D2 /* PBXContainerItemProxy */ = {
			isa = PBXContainerItemProxy;
			containerPortal = E753373127CAFAFE0010E3D2 /* Project object */;
			proxyType = 1;
			remoteGlobalIDString = E753373827CAFAFE0010E3D2;
			remoteInfo = "Wasserflug-tvOS";
		};
		E753375427CAFAFF0010E3D2 /* PBXContainerItemProxy */ = {
			isa = PBXContainerItemProxy;
			containerPortal = E753373127CAFAFE0010E3D2 /* Project object */;
			proxyType = 1;
			remoteGlobalIDString = E753373827CAFAFE0010E3D2;
			remoteInfo = "Wasserflug-tvOS";
		};
/* End PBXContainerItemProxy section */

/* Begin PBXFileReference section */
		E70448E12803A9110045A1AE /* WaveformView.swift */ = {isa = PBXFileReference; lastKnownFileType = sourcecode.swift; path = WaveformView.swift; sourceTree = "<group>"; };
		E71FDB3B27D3F89200A9C88B /* Swift+Extensions.swift */ = {isa = PBXFileReference; lastKnownFileType = sourcecode.swift; path = "Swift+Extensions.swift"; sourceTree = "<group>"; };
		E71FDB7827E66D7E00A9C88B /* Persistence.swift */ = {isa = PBXFileReference; lastKnownFileType = sourcecode.swift; path = Persistence.swift; sourceTree = "<group>"; };
		E71FDB7B27E66DB100A9C88B /* Wasserflug.xcdatamodel */ = {isa = PBXFileReference; lastKnownFileType = wrapper.xcdatamodel; path = Wasserflug.xcdatamodel; sourceTree = "<group>"; };
		E753373927CAFAFE0010E3D2 /* Wasserflug.app */ = {isa = PBXFileReference; explicitFileType = wrapper.application; includeInIndex = 0; path = Wasserflug.app; sourceTree = BUILT_PRODUCTS_DIR; };
		E753374027CAFAFF0010E3D2 /* Assets.xcassets */ = {isa = PBXFileReference; lastKnownFileType = folder.assetcatalog; path = Assets.xcassets; sourceTree = "<group>"; };
		E753374327CAFAFF0010E3D2 /* Preview Assets.xcassets */ = {isa = PBXFileReference; lastKnownFileType = folder.assetcatalog; path = "Preview Assets.xcassets"; sourceTree = "<group>"; };
		E753374927CAFAFF0010E3D2 /* Wasserflug-tvOSTests.xctest */ = {isa = PBXFileReference; explicitFileType = wrapper.cfbundle; includeInIndex = 0; path = "Wasserflug-tvOSTests.xctest"; sourceTree = BUILT_PRODUCTS_DIR; };
		E753374D27CAFAFF0010E3D2 /* Wasserflug_tvOSTests.swift */ = {isa = PBXFileReference; lastKnownFileType = sourcecode.swift; path = Wasserflug_tvOSTests.swift; sourceTree = "<group>"; };
		E753375327CAFAFF0010E3D2 /* Wasserflug-tvOSUITests.xctest */ = {isa = PBXFileReference; explicitFileType = wrapper.cfbundle; includeInIndex = 0; path = "Wasserflug-tvOSUITests.xctest"; sourceTree = BUILT_PRODUCTS_DIR; };
		E753375727CAFAFF0010E3D2 /* Wasserflug_tvOSUITests.swift */ = {isa = PBXFileReference; lastKnownFileType = sourcecode.swift; path = Wasserflug_tvOSUITests.swift; sourceTree = "<group>"; };
		E753375927CAFAFF0010E3D2 /* Wasserflug_tvOSUITestsLaunchTests.swift */ = {isa = PBXFileReference; lastKnownFileType = sourcecode.swift; path = Wasserflug_tvOSUITestsLaunchTests.swift; sourceTree = "<group>"; };
		E753376F27CB043D0010E3D2 /* FloatplaneAPIClient */ = {isa = PBXFileReference; lastKnownFileType = wrapper; path = FloatplaneAPIClient; sourceTree = "<group>"; };
		E753377027CB066E0010E3D2 /* Authentication.swift */ = {isa = PBXFileReference; fileEncoding = 4; lastKnownFileType = sourcecode.swift; path = Authentication.swift; sourceTree = "<group>"; };
		E753377127CB066E0010E3D2 /* FloatplaneAPIClient+Extensions.swift */ = {isa = PBXFileReference; fileEncoding = 4; lastKnownFileType = sourcecode.swift; path = "FloatplaneAPIClient+Extensions.swift"; sourceTree = "<group>"; };
		E753377427CB066E0010E3D2 /* FPAPIService.swift */ = {isa = PBXFileReference; fileEncoding = 4; lastKnownFileType = sourcecode.swift; path = FPAPIService.swift; sourceTree = "<group>"; };
		E753377627CB066E0010E3D2 /* OSLoggingLogger.swift */ = {isa = PBXFileReference; fileEncoding = 4; lastKnownFileType = sourcecode.swift; path = OSLoggingLogger.swift; sourceTree = "<group>"; };
		E753377E27CB06800010E3D2 /* Wasserflug_tvOSApp.swift */ = {isa = PBXFileReference; lastKnownFileType = sourcecode.swift; path = Wasserflug_tvOSApp.swift; sourceTree = "<group>"; };
		E753378127CB06BE0010E3D2 /* BlogPostContentView.swift */ = {isa = PBXFileReference; fileEncoding = 4; lastKnownFileType = sourcecode.swift; path = BlogPostContentView.swift; sourceTree = "<group>"; };
		E753378227CB06BE0010E3D2 /* VideoPlayerView.swift */ = {isa = PBXFileReference; fileEncoding = 4; lastKnownFileType = sourcecode.swift; path = VideoPlayerView.swift; sourceTree = "<group>"; };
		E753378327CB06BE0010E3D2 /* PlayButton.swift */ = {isa = PBXFileReference; fileEncoding = 4; lastKnownFileType = sourcecode.swift; path = PlayButton.swift; sourceTree = "<group>"; };
		E753378427CB06BE0010E3D2 /* PlayMediaView.swift */ = {isa = PBXFileReference; fileEncoding = 4; lastKnownFileType = sourcecode.swift; path = PlayMediaView.swift; sourceTree = "<group>"; };
		E753378527CB06BE0010E3D2 /* BlogPostSelectionView.swift */ = {isa = PBXFileReference; fileEncoding = 4; lastKnownFileType = sourcecode.swift; path = BlogPostSelectionView.swift; sourceTree = "<group>"; };
		E753378627CB06BE0010E3D2 /* ErrorView.swift */ = {isa = PBXFileReference; fileEncoding = 4; lastKnownFileType = sourcecode.swift; path = ErrorView.swift; sourceTree = "<group>"; };
		E753378827CB06BE0010E3D2 /* BlogPostViewModel.swift */ = {isa = PBXFileReference; fileEncoding = 4; lastKnownFileType = sourcecode.swift; path = BlogPostViewModel.swift; sourceTree = "<group>"; };
		E753378927CB06BE0010E3D2 /* HomeViewModel.swift */ = {isa = PBXFileReference; fileEncoding = 4; lastKnownFileType = sourcecode.swift; path = HomeViewModel.swift; sourceTree = "<group>"; };
		E753378A27CB06BE0010E3D2 /* VideoViewModel.swift */ = {isa = PBXFileReference; fileEncoding = 4; lastKnownFileType = sourcecode.swift; path = VideoViewModel.swift; sourceTree = "<group>"; };
		E753378B27CB06BE0010E3D2 /* BaseViewModel.swift */ = {isa = PBXFileReference; fileEncoding = 4; lastKnownFileType = sourcecode.swift; path = BaseViewModel.swift; sourceTree = "<group>"; };
		E753378C27CB06BE0010E3D2 /* LivestreamViewModel.swift */ = {isa = PBXFileReference; fileEncoding = 4; lastKnownFileType = sourcecode.swift; path = LivestreamViewModel.swift; sourceTree = "<group>"; };
		E753378D27CB06BE0010E3D2 /* AuthViewModel.swift */ = {isa = PBXFileReference; fileEncoding = 4; lastKnownFileType = sourcecode.swift; path = AuthViewModel.swift; sourceTree = "<group>"; };
		E753378E27CB06BE0010E3D2 /* ViewModelState.swift */ = {isa = PBXFileReference; fileEncoding = 4; lastKnownFileType = sourcecode.swift; path = ViewModelState.swift; sourceTree = "<group>"; };
		E753378F27CB06BE0010E3D2 /* CreatorContentViewModel.swift */ = {isa = PBXFileReference; fileEncoding = 4; lastKnownFileType = sourcecode.swift; path = CreatorContentViewModel.swift; sourceTree = "<group>"; };
		E753379027CB06BE0010E3D2 /* PictureViewModel.swift */ = {isa = PBXFileReference; fileEncoding = 4; lastKnownFileType = sourcecode.swift; path = PictureViewModel.swift; sourceTree = "<group>"; };
		E753379227CB06BE0010E3D2 /* CreatorSearchView.swift */ = {isa = PBXFileReference; fileEncoding = 4; lastKnownFileType = sourcecode.swift; path = CreatorSearchView.swift; sourceTree = "<group>"; };
		E753379327CB06BE0010E3D2 /* SettingsView.swift */ = {isa = PBXFileReference; fileEncoding = 4; lastKnownFileType = sourcecode.swift; path = SettingsView.swift; sourceTree = "<group>"; };
		E753379427CB06BE0010E3D2 /* LoginView.swift */ = {isa = PBXFileReference; fileEncoding = 4; lastKnownFileType = sourcecode.swift; path = LoginView.swift; sourceTree = "<group>"; };
		E753379527CB06BE0010E3D2 /* VideoView.swift */ = {isa = PBXFileReference; fileEncoding = 4; lastKnownFileType = sourcecode.swift; path = VideoView.swift; sourceTree = "<group>"; };
		E753379627CB06BE0010E3D2 /* HomeView.swift */ = {isa = PBXFileReference; fileEncoding = 4; lastKnownFileType = sourcecode.swift; path = HomeView.swift; sourceTree = "<group>"; };
		E753379727CB06BE0010E3D2 /* PictureView.swift */ = {isa = PBXFileReference; fileEncoding = 4; lastKnownFileType = sourcecode.swift; path = PictureView.swift; sourceTree = "<group>"; };
		E753379827CB06BE0010E3D2 /* BlogPostView.swift */ = {isa = PBXFileReference; fileEncoding = 4; lastKnownFileType = sourcecode.swift; path = BlogPostView.swift; sourceTree = "<group>"; };
		E753379927CB06BE0010E3D2 /* CreatorContentView.swift */ = {isa = PBXFileReference; fileEncoding = 4; lastKnownFileType = sourcecode.swift; path = CreatorContentView.swift; sourceTree = "<group>"; };
		E753379A27CB06BE0010E3D2 /* LivestreamPlayerView.swift */ = {isa = PBXFileReference; fileEncoding = 4; lastKnownFileType = sourcecode.swift; path = LivestreamPlayerView.swift; sourceTree = "<group>"; };
		E753379B27CB06BE0010E3D2 /* SecondFactorView.swift */ = {isa = PBXFileReference; fileEncoding = 4; lastKnownFileType = sourcecode.swift; path = SecondFactorView.swift; sourceTree = "<group>"; };
		E753379C27CB06BE0010E3D2 /* ContentView.swift */ = {isa = PBXFileReference; fileEncoding = 4; lastKnownFileType = sourcecode.swift; path = ContentView.swift; sourceTree = "<group>"; };
		E753379D27CB06BE0010E3D2 /* RootTabView.swift */ = {isa = PBXFileReference; fileEncoding = 4; lastKnownFileType = sourcecode.swift; path = RootTabView.swift; sourceTree = "<group>"; };
		E75337BD27CB08990010E3D2 /* EnvironmentKeys.swift */ = {isa = PBXFileReference; lastKnownFileType = sourcecode.swift; path = EnvironmentKeys.swift; sourceTree = "<group>"; };
		E7A447E82815E1C0009BCE2E /* SwiftUI+Extensions.swift */ = {isa = PBXFileReference; lastKnownFileType = sourcecode.swift; path = "SwiftUI+Extensions.swift"; sourceTree = "<group>"; };
		E7CCF2D1285314B600506E51 /* Info.plist */ = {isa = PBXFileReference; lastKnownFileType = text.plist; path = Info.plist; sourceTree = "<group>"; };
		E7CCF2D2285315B400506E51 /* Wasserflug-tvOS.entitlements */ = {isa = PBXFileReference; lastKnownFileType = text.plist.entitlements; path = "Wasserflug-tvOS.entitlements"; sourceTree = "<group>"; };
/* End PBXFileReference section */

/* Begin PBXFrameworksBuildPhase section */
		E753373627CAFAFE0010E3D2 /* Frameworks */ = {
			isa = PBXFrameworksBuildPhase;
			buildActionMask = 2147483647;
			files = (
				E75337BC27CB07900010E3D2 /* FloatplaneAPIClient in Frameworks */,
				E753376827CAFF550010E3D2 /* CachedAsyncImage in Frameworks */,
				E753376B27CB01FD0010E3D2 /* Vapor in Frameworks */,
			);
			runOnlyForDeploymentPostprocessing = 0;
		};
		E753374627CAFAFF0010E3D2 /* Frameworks */ = {
			isa = PBXFrameworksBuildPhase;
			buildActionMask = 2147483647;
			files = (
			);
			runOnlyForDeploymentPostprocessing = 0;
		};
		E753375027CAFAFF0010E3D2 /* Frameworks */ = {
			isa = PBXFrameworksBuildPhase;
			buildActionMask = 2147483647;
			files = (
			);
			runOnlyForDeploymentPostprocessing = 0;
		};
/* End PBXFrameworksBuildPhase section */

/* Begin PBXGroup section */
		E753373027CAFAFE0010E3D2 = {
			isa = PBXGroup;
			children = (
				E753376E27CB043D0010E3D2 /* Packages */,
				E753373B27CAFAFE0010E3D2 /* Wasserflug-tvOS */,
				E753374C27CAFAFF0010E3D2 /* Wasserflug-tvOSTests */,
				E753375627CAFAFF0010E3D2 /* Wasserflug-tvOSUITests */,
				E753373A27CAFAFE0010E3D2 /* Products */,
				E75337BA27CB07900010E3D2 /* Frameworks */,
			);
			sourceTree = "<group>";
		};
		E753373A27CAFAFE0010E3D2 /* Products */ = {
			isa = PBXGroup;
			children = (
				E753373927CAFAFE0010E3D2 /* Wasserflug.app */,
				E753374927CAFAFF0010E3D2 /* Wasserflug-tvOSTests.xctest */,
				E753375327CAFAFF0010E3D2 /* Wasserflug-tvOSUITests.xctest */,
			);
			name = Products;
			sourceTree = "<group>";
		};
		E753373B27CAFAFE0010E3D2 /* Wasserflug-tvOS */ = {
			isa = PBXGroup;
			children = (
				E7CCF2D2285315B400506E51 /* Wasserflug-tvOS.entitlements */,
				E7CCF2D1285314B600506E51 /* Info.plist */,
				E753378027CB06BE0010E3D2 /* SupplementalViews */,
				E753378727CB06BE0010E3D2 /* ViewModels */,
				E753379127CB06BE0010E3D2 /* Views */,
				E75337B927CB06C60010E3D2 /* Utilities */,
				E753377E27CB06800010E3D2 /* Wasserflug_tvOSApp.swift */,
				E753374027CAFAFF0010E3D2 /* Assets.xcassets */,
				E753374227CAFAFF0010E3D2 /* Preview Content */,
				E71FDB7827E66D7E00A9C88B /* Persistence.swift */,
				E71FDB7A27E66DB100A9C88B /* Wasserflug.xcdatamodeld */,
			);
			path = "Wasserflug-tvOS";
			sourceTree = "<group>";
		};
		E753374227CAFAFF0010E3D2 /* Preview Content */ = {
			isa = PBXGroup;
			children = (
				E753374327CAFAFF0010E3D2 /* Preview Assets.xcassets */,
			);
			path = "Preview Content";
			sourceTree = "<group>";
		};
		E753374C27CAFAFF0010E3D2 /* Wasserflug-tvOSTests */ = {
			isa = PBXGroup;
			children = (
				E753374D27CAFAFF0010E3D2 /* Wasserflug_tvOSTests.swift */,
			);
			path = "Wasserflug-tvOSTests";
			sourceTree = "<group>";
		};
		E753375627CAFAFF0010E3D2 /* Wasserflug-tvOSUITests */ = {
			isa = PBXGroup;
			children = (
				E753375727CAFAFF0010E3D2 /* Wasserflug_tvOSUITests.swift */,
				E753375927CAFAFF0010E3D2 /* Wasserflug_tvOSUITestsLaunchTests.swift */,
			);
			path = "Wasserflug-tvOSUITests";
			sourceTree = "<group>";
		};
		E753376E27CB043D0010E3D2 /* Packages */ = {
			isa = PBXGroup;
			children = (
				E753376F27CB043D0010E3D2 /* FloatplaneAPIClient */,
			);
			name = Packages;
			sourceTree = "<group>";
		};
		E753378027CB06BE0010E3D2 /* SupplementalViews */ = {
			isa = PBXGroup;
			children = (
				E753378127CB06BE0010E3D2 /* BlogPostContentView.swift */,
				E753378227CB06BE0010E3D2 /* VideoPlayerView.swift */,
				E753378327CB06BE0010E3D2 /* PlayButton.swift */,
				E753378427CB06BE0010E3D2 /* PlayMediaView.swift */,
				E753378527CB06BE0010E3D2 /* BlogPostSelectionView.swift */,
				E753378627CB06BE0010E3D2 /* ErrorView.swift */,
				E70448E12803A9110045A1AE /* WaveformView.swift */,
			);
			path = SupplementalViews;
			sourceTree = "<group>";
		};
		E753378727CB06BE0010E3D2 /* ViewModels */ = {
			isa = PBXGroup;
			children = (
				E753378E27CB06BE0010E3D2 /* ViewModelState.swift */,
				E753378B27CB06BE0010E3D2 /* BaseViewModel.swift */,
				E753378D27CB06BE0010E3D2 /* AuthViewModel.swift */,
				E753378927CB06BE0010E3D2 /* HomeViewModel.swift */,
				E753378F27CB06BE0010E3D2 /* CreatorContentViewModel.swift */,
				E753378C27CB06BE0010E3D2 /* LivestreamViewModel.swift */,
				E753378827CB06BE0010E3D2 /* BlogPostViewModel.swift */,
				E753378A27CB06BE0010E3D2 /* VideoViewModel.swift */,
				E753379027CB06BE0010E3D2 /* PictureViewModel.swift */,
			);
			path = ViewModels;
			sourceTree = "<group>";
		};
		E753379127CB06BE0010E3D2 /* Views */ = {
			isa = PBXGroup;
			children = (
				E753379C27CB06BE0010E3D2 /* ContentView.swift */,
				E753379427CB06BE0010E3D2 /* LoginView.swift */,
				E753379B27CB06BE0010E3D2 /* SecondFactorView.swift */,
				E753379D27CB06BE0010E3D2 /* RootTabView.swift */,
				E753379627CB06BE0010E3D2 /* HomeView.swift */,
				E753379927CB06BE0010E3D2 /* CreatorContentView.swift */,
				E753379227CB06BE0010E3D2 /* CreatorSearchView.swift */,
				E753379327CB06BE0010E3D2 /* SettingsView.swift */,
				E753379827CB06BE0010E3D2 /* BlogPostView.swift */,
				E753379527CB06BE0010E3D2 /* VideoView.swift */,
				E753379727CB06BE0010E3D2 /* PictureView.swift */,
				E753379A27CB06BE0010E3D2 /* LivestreamPlayerView.swift */,
			);
			path = Views;
			sourceTree = "<group>";
		};
		E75337B927CB06C60010E3D2 /* Utilities */ = {
			isa = PBXGroup;
			children = (
				E753377027CB066E0010E3D2 /* Authentication.swift */,
				E753377127CB066E0010E3D2 /* FloatplaneAPIClient+Extensions.swift */,
				E753377427CB066E0010E3D2 /* FPAPIService.swift */,
				E753377627CB066E0010E3D2 /* OSLoggingLogger.swift */,
				E75337BD27CB08990010E3D2 /* EnvironmentKeys.swift */,
				E71FDB3B27D3F89200A9C88B /* Swift+Extensions.swift */,
				E7A447E82815E1C0009BCE2E /* SwiftUI+Extensions.swift */,
			);
			path = Utilities;
			sourceTree = "<group>";
		};
		E75337BA27CB07900010E3D2 /* Frameworks */ = {
			isa = PBXGroup;
			children = (
			);
			name = Frameworks;
			sourceTree = "<group>";
		};
/* End PBXGroup section */

/* Begin PBXNativeTarget section */
		E753373827CAFAFE0010E3D2 /* Wasserflug-tvOS */ = {
			isa = PBXNativeTarget;
			buildConfigurationList = E753375D27CAFAFF0010E3D2 /* Build configuration list for PBXNativeTarget "Wasserflug-tvOS" */;
			buildPhases = (
				E753373527CAFAFE0010E3D2 /* Sources */,
				E753373627CAFAFE0010E3D2 /* Frameworks */,
				E753373727CAFAFE0010E3D2 /* Resources */,
			);
			buildRules = (
			);
			dependencies = (
			);
			name = "Wasserflug-tvOS";
			packageProductDependencies = (
				E753376727CAFF550010E3D2 /* CachedAsyncImage */,
				E753376A27CB01FD0010E3D2 /* Vapor */,
				E75337BB27CB07900010E3D2 /* FloatplaneAPIClient */,
			);
			productName = "Wasserflug-tvOS";
			productReference = E753373927CAFAFE0010E3D2 /* Wasserflug.app */;
			productType = "com.apple.product-type.application";
		};
		E753374827CAFAFF0010E3D2 /* Wasserflug-tvOSTests */ = {
			isa = PBXNativeTarget;
			buildConfigurationList = E753376027CAFAFF0010E3D2 /* Build configuration list for PBXNativeTarget "Wasserflug-tvOSTests" */;
			buildPhases = (
				E753374527CAFAFF0010E3D2 /* Sources */,
				E753374627CAFAFF0010E3D2 /* Frameworks */,
				E753374727CAFAFF0010E3D2 /* Resources */,
			);
			buildRules = (
			);
			dependencies = (
				E753374B27CAFAFF0010E3D2 /* PBXTargetDependency */,
			);
			name = "Wasserflug-tvOSTests";
			productName = "Wasserflug-tvOSTests";
			productReference = E753374927CAFAFF0010E3D2 /* Wasserflug-tvOSTests.xctest */;
			productType = "com.apple.product-type.bundle.unit-test";
		};
		E753375227CAFAFF0010E3D2 /* Wasserflug-tvOSUITests */ = {
			isa = PBXNativeTarget;
			buildConfigurationList = E753376327CAFAFF0010E3D2 /* Build configuration list for PBXNativeTarget "Wasserflug-tvOSUITests" */;
			buildPhases = (
				E753374F27CAFAFF0010E3D2 /* Sources */,
				E753375027CAFAFF0010E3D2 /* Frameworks */,
				E753375127CAFAFF0010E3D2 /* Resources */,
			);
			buildRules = (
			);
			dependencies = (
				E753375527CAFAFF0010E3D2 /* PBXTargetDependency */,
			);
			name = "Wasserflug-tvOSUITests";
			productName = "Wasserflug-tvOSUITests";
			productReference = E753375327CAFAFF0010E3D2 /* Wasserflug-tvOSUITests.xctest */;
			productType = "com.apple.product-type.bundle.ui-testing";
		};
/* End PBXNativeTarget section */

/* Begin PBXProject section */
		E753373127CAFAFE0010E3D2 /* Project object */ = {
			isa = PBXProject;
			attributes = {
				BuildIndependentTargetsInParallel = 1;
				LastSwiftUpdateCheck = 1320;
				LastUpgradeCheck = 1320;
				TargetAttributes = {
					E753373827CAFAFE0010E3D2 = {
						CreatedOnToolsVersion = 13.2.1;
					};
					E753374827CAFAFF0010E3D2 = {
						CreatedOnToolsVersion = 13.2.1;
						TestTargetID = E753373827CAFAFE0010E3D2;
					};
					E753375227CAFAFF0010E3D2 = {
						CreatedOnToolsVersion = 13.2.1;
						TestTargetID = E753373827CAFAFE0010E3D2;
					};
				};
			};
			buildConfigurationList = E753373427CAFAFE0010E3D2 /* Build configuration list for PBXProject "Wasserflug-tvOS" */;
			compatibilityVersion = "Xcode 13.0";
			developmentRegion = en;
			hasScannedForEncodings = 0;
			knownRegions = (
				en,
				Base,
			);
			mainGroup = E753373027CAFAFE0010E3D2;
			packageReferences = (
				E753376627CAFF550010E3D2 /* XCRemoteSwiftPackageReference "swiftui-cached-async-image" */,
				E753376927CB01FD0010E3D2 /* XCRemoteSwiftPackageReference "vapor" */,
			);
			productRefGroup = E753373A27CAFAFE0010E3D2 /* Products */;
			projectDirPath = "";
			projectRoot = "";
			targets = (
				E753373827CAFAFE0010E3D2 /* Wasserflug-tvOS */,
				E753374827CAFAFF0010E3D2 /* Wasserflug-tvOSTests */,
				E753375227CAFAFF0010E3D2 /* Wasserflug-tvOSUITests */,
			);
		};
/* End PBXProject section */

/* Begin PBXResourcesBuildPhase section */
		E753373727CAFAFE0010E3D2 /* Resources */ = {
			isa = PBXResourcesBuildPhase;
			buildActionMask = 2147483647;
			files = (
				E753374427CAFAFF0010E3D2 /* Preview Assets.xcassets in Resources */,
				E753374127CAFAFF0010E3D2 /* Assets.xcassets in Resources */,
			);
			runOnlyForDeploymentPostprocessing = 0;
		};
		E753374727CAFAFF0010E3D2 /* Resources */ = {
			isa = PBXResourcesBuildPhase;
			buildActionMask = 2147483647;
			files = (
			);
			runOnlyForDeploymentPostprocessing = 0;
		};
		E753375127CAFAFF0010E3D2 /* Resources */ = {
			isa = PBXResourcesBuildPhase;
			buildActionMask = 2147483647;
			files = (
			);
			runOnlyForDeploymentPostprocessing = 0;
		};
/* End PBXResourcesBuildPhase section */

/* Begin PBXSourcesBuildPhase section */
		E753373527CAFAFE0010E3D2 /* Sources */ = {
			isa = PBXSourcesBuildPhase;
			buildActionMask = 2147483647;
			files = (
				E75337A427CB06BE0010E3D2 /* BlogPostViewModel.swift in Sources */,
				E75337AC27CB06BE0010E3D2 /* PictureViewModel.swift in Sources */,
				E75337B827CB06BE0010E3D2 /* RootTabView.swift in Sources */,
				E75337A127CB06BE0010E3D2 /* PlayMediaView.swift in Sources */,
				E70448E22803A9110045A1AE /* WaveformView.swift in Sources */,
				E75337B227CB06BE0010E3D2 /* PictureView.swift in Sources */,
				E75337B327CB06BE0010E3D2 /* BlogPostView.swift in Sources */,
				E75337B127CB06BE0010E3D2 /* HomeView.swift in Sources */,
				E71FDB3C27D3F89200A9C88B /* Swift+Extensions.swift in Sources */,
				E7A447E92815E1C0009BCE2E /* SwiftUI+Extensions.swift in Sources */,
				E75337AB27CB06BE0010E3D2 /* CreatorContentViewModel.swift in Sources */,
				E75337AF27CB06BE0010E3D2 /* LoginView.swift in Sources */,
				E753377B27CB066E0010E3D2 /* FPAPIService.swift in Sources */,
				E753377827CB066E0010E3D2 /* FloatplaneAPIClient+Extensions.swift in Sources */,
				E75337A627CB06BE0010E3D2 /* VideoViewModel.swift in Sources */,
				E75337BE27CB08990010E3D2 /* EnvironmentKeys.swift in Sources */,
				E75337B727CB06BE0010E3D2 /* ContentView.swift in Sources */,
				E753377727CB066E0010E3D2 /* Authentication.swift in Sources */,
				E753377F27CB06800010E3D2 /* Wasserflug_tvOSApp.swift in Sources */,
				E75337A927CB06BE0010E3D2 /* AuthViewModel.swift in Sources */,
				E75337AA27CB06BE0010E3D2 /* ViewModelState.swift in Sources */,
				E75337B027CB06BE0010E3D2 /* VideoView.swift in Sources */,
				E753379E27CB06BE0010E3D2 /* BlogPostContentView.swift in Sources */,
				E75337A027CB06BE0010E3D2 /* PlayButton.swift in Sources */,
				E75337A527CB06BE0010E3D2 /* HomeViewModel.swift in Sources */,
				E75337AD27CB06BE0010E3D2 /* CreatorSearchView.swift in Sources */,
				E71FDB7927E66D7E00A9C88B /* Persistence.swift in Sources */,
				E753377D27CB066E0010E3D2 /* OSLoggingLogger.swift in Sources */,
				E75337A727CB06BE0010E3D2 /* BaseViewModel.swift in Sources */,
				E75337B527CB06BE0010E3D2 /* LivestreamPlayerView.swift in Sources */,
				E75337A827CB06BE0010E3D2 /* LivestreamViewModel.swift in Sources */,
				E753379F27CB06BE0010E3D2 /* VideoPlayerView.swift in Sources */,
				E75337A227CB06BE0010E3D2 /* BlogPostSelectionView.swift in Sources */,
				E75337B427CB06BE0010E3D2 /* CreatorContentView.swift in Sources */,
				E75337A327CB06BE0010E3D2 /* ErrorView.swift in Sources */,
				E75337AE27CB06BE0010E3D2 /* SettingsView.swift in Sources */,
				E71FDB7C27E66DB100A9C88B /* Wasserflug.xcdatamodeld in Sources */,
				E75337B627CB06BE0010E3D2 /* SecondFactorView.swift in Sources */,
			);
			runOnlyForDeploymentPostprocessing = 0;
		};
		E753374527CAFAFF0010E3D2 /* Sources */ = {
			isa = PBXSourcesBuildPhase;
			buildActionMask = 2147483647;
			files = (
				E753374E27CAFAFF0010E3D2 /* Wasserflug_tvOSTests.swift in Sources */,
			);
			runOnlyForDeploymentPostprocessing = 0;
		};
		E753374F27CAFAFF0010E3D2 /* Sources */ = {
			isa = PBXSourcesBuildPhase;
			buildActionMask = 2147483647;
			files = (
				E753375827CAFAFF0010E3D2 /* Wasserflug_tvOSUITests.swift in Sources */,
				E753375A27CAFAFF0010E3D2 /* Wasserflug_tvOSUITestsLaunchTests.swift in Sources */,
			);
			runOnlyForDeploymentPostprocessing = 0;
		};
/* End PBXSourcesBuildPhase section */

/* Begin PBXTargetDependency section */
		E753374B27CAFAFF0010E3D2 /* PBXTargetDependency */ = {
			isa = PBXTargetDependency;
			target = E753373827CAFAFE0010E3D2 /* Wasserflug-tvOS */;
			targetProxy = E753374A27CAFAFF0010E3D2 /* PBXContainerItemProxy */;
		};
		E753375527CAFAFF0010E3D2 /* PBXTargetDependency */ = {
			isa = PBXTargetDependency;
			target = E753373827CAFAFE0010E3D2 /* Wasserflug-tvOS */;
			targetProxy = E753375427CAFAFF0010E3D2 /* PBXContainerItemProxy */;
		};
/* End PBXTargetDependency section */

/* Begin XCBuildConfiguration section */
		E753375B27CAFAFF0010E3D2 /* Debug */ = {
			isa = XCBuildConfiguration;
			buildSettings = {
				ALWAYS_SEARCH_USER_PATHS = NO;
				CLANG_ANALYZER_NONNULL = YES;
				CLANG_ANALYZER_NUMBER_OBJECT_CONVERSION = YES_AGGRESSIVE;
				CLANG_CXX_LANGUAGE_STANDARD = "gnu++17";
				CLANG_CXX_LIBRARY = "libc++";
				CLANG_ENABLE_MODULES = YES;
				CLANG_ENABLE_OBJC_ARC = YES;
				CLANG_ENABLE_OBJC_WEAK = YES;
				CLANG_WARN_BLOCK_CAPTURE_AUTORELEASING = YES;
				CLANG_WARN_BOOL_CONVERSION = YES;
				CLANG_WARN_COMMA = YES;
				CLANG_WARN_CONSTANT_CONVERSION = YES;
				CLANG_WARN_DEPRECATED_OBJC_IMPLEMENTATIONS = YES;
				CLANG_WARN_DIRECT_OBJC_ISA_USAGE = YES_ERROR;
				CLANG_WARN_DOCUMENTATION_COMMENTS = YES;
				CLANG_WARN_EMPTY_BODY = YES;
				CLANG_WARN_ENUM_CONVERSION = YES;
				CLANG_WARN_INFINITE_RECURSION = YES;
				CLANG_WARN_INT_CONVERSION = YES;
				CLANG_WARN_NON_LITERAL_NULL_CONVERSION = YES;
				CLANG_WARN_OBJC_IMPLICIT_RETAIN_SELF = YES;
				CLANG_WARN_OBJC_LITERAL_CONVERSION = YES;
				CLANG_WARN_OBJC_ROOT_CLASS = YES_ERROR;
				CLANG_WARN_QUOTED_INCLUDE_IN_FRAMEWORK_HEADER = YES;
				CLANG_WARN_RANGE_LOOP_ANALYSIS = YES;
				CLANG_WARN_STRICT_PROTOTYPES = YES;
				CLANG_WARN_SUSPICIOUS_MOVE = YES;
				CLANG_WARN_UNGUARDED_AVAILABILITY = YES_AGGRESSIVE;
				CLANG_WARN_UNREACHABLE_CODE = YES;
				CLANG_WARN__DUPLICATE_METHOD_MATCH = YES;
				COPY_PHASE_STRIP = NO;
				DEBUG_INFORMATION_FORMAT = dwarf;
				ENABLE_STRICT_OBJC_MSGSEND = YES;
				ENABLE_TESTABILITY = YES;
				GCC_C_LANGUAGE_STANDARD = gnu11;
				GCC_DYNAMIC_NO_PIC = NO;
				GCC_NO_COMMON_BLOCKS = YES;
				GCC_OPTIMIZATION_LEVEL = 0;
				GCC_PREPROCESSOR_DEFINITIONS = (
					"DEBUG=1",
					"$(inherited)",
				);
				GCC_WARN_64_TO_32_BIT_CONVERSION = YES;
				GCC_WARN_ABOUT_RETURN_TYPE = YES_ERROR;
				GCC_WARN_UNDECLARED_SELECTOR = YES;
				GCC_WARN_UNINITIALIZED_AUTOS = YES_AGGRESSIVE;
				GCC_WARN_UNUSED_FUNCTION = YES;
				GCC_WARN_UNUSED_VARIABLE = YES;
				MTL_ENABLE_DEBUG_INFO = INCLUDE_SOURCE;
				MTL_FAST_MATH = YES;
				ONLY_ACTIVE_ARCH = YES;
				SDKROOT = appletvos;
				SWIFT_ACTIVE_COMPILATION_CONDITIONS = DEBUG;
				SWIFT_OPTIMIZATION_LEVEL = "-Onone";
				TVOS_DEPLOYMENT_TARGET = 15.2;
			};
			name = Debug;
		};
		E753375C27CAFAFF0010E3D2 /* Release */ = {
			isa = XCBuildConfiguration;
			buildSettings = {
				ALWAYS_SEARCH_USER_PATHS = NO;
				CLANG_ANALYZER_NONNULL = YES;
				CLANG_ANALYZER_NUMBER_OBJECT_CONVERSION = YES_AGGRESSIVE;
				CLANG_CXX_LANGUAGE_STANDARD = "gnu++17";
				CLANG_CXX_LIBRARY = "libc++";
				CLANG_ENABLE_MODULES = YES;
				CLANG_ENABLE_OBJC_ARC = YES;
				CLANG_ENABLE_OBJC_WEAK = YES;
				CLANG_WARN_BLOCK_CAPTURE_AUTORELEASING = YES;
				CLANG_WARN_BOOL_CONVERSION = YES;
				CLANG_WARN_COMMA = YES;
				CLANG_WARN_CONSTANT_CONVERSION = YES;
				CLANG_WARN_DEPRECATED_OBJC_IMPLEMENTATIONS = YES;
				CLANG_WARN_DIRECT_OBJC_ISA_USAGE = YES_ERROR;
				CLANG_WARN_DOCUMENTATION_COMMENTS = YES;
				CLANG_WARN_EMPTY_BODY = YES;
				CLANG_WARN_ENUM_CONVERSION = YES;
				CLANG_WARN_INFINITE_RECURSION = YES;
				CLANG_WARN_INT_CONVERSION = YES;
				CLANG_WARN_NON_LITERAL_NULL_CONVERSION = YES;
				CLANG_WARN_OBJC_IMPLICIT_RETAIN_SELF = YES;
				CLANG_WARN_OBJC_LITERAL_CONVERSION = YES;
				CLANG_WARN_OBJC_ROOT_CLASS = YES_ERROR;
				CLANG_WARN_QUOTED_INCLUDE_IN_FRAMEWORK_HEADER = YES;
				CLANG_WARN_RANGE_LOOP_ANALYSIS = YES;
				CLANG_WARN_STRICT_PROTOTYPES = YES;
				CLANG_WARN_SUSPICIOUS_MOVE = YES;
				CLANG_WARN_UNGUARDED_AVAILABILITY = YES_AGGRESSIVE;
				CLANG_WARN_UNREACHABLE_CODE = YES;
				CLANG_WARN__DUPLICATE_METHOD_MATCH = YES;
				COPY_PHASE_STRIP = NO;
				DEBUG_INFORMATION_FORMAT = "dwarf-with-dsym";
				ENABLE_NS_ASSERTIONS = NO;
				ENABLE_STRICT_OBJC_MSGSEND = YES;
				GCC_C_LANGUAGE_STANDARD = gnu11;
				GCC_NO_COMMON_BLOCKS = YES;
				GCC_WARN_64_TO_32_BIT_CONVERSION = YES;
				GCC_WARN_ABOUT_RETURN_TYPE = YES_ERROR;
				GCC_WARN_UNDECLARED_SELECTOR = YES;
				GCC_WARN_UNINITIALIZED_AUTOS = YES_AGGRESSIVE;
				GCC_WARN_UNUSED_FUNCTION = YES;
				GCC_WARN_UNUSED_VARIABLE = YES;
				MTL_ENABLE_DEBUG_INFO = NO;
				MTL_FAST_MATH = YES;
				SDKROOT = appletvos;
				SWIFT_COMPILATION_MODE = wholemodule;
				SWIFT_OPTIMIZATION_LEVEL = "-O";
				TVOS_DEPLOYMENT_TARGET = 15.2;
				VALIDATE_PRODUCT = YES;
			};
			name = Release;
		};
		E753375E27CAFAFF0010E3D2 /* Debug */ = {
			isa = XCBuildConfiguration;
			buildSettings = {
				ASSETCATALOG_COMPILER_APPICON_NAME = "App Icon & Top Shelf Image";
				ASSETCATALOG_COMPILER_GLOBAL_ACCENT_COLOR_NAME = AccentColor;
				CODE_SIGN_ENTITLEMENTS = "Wasserflug-tvOS/Wasserflug-tvOS.entitlements";
				CODE_SIGN_IDENTITY = "Apple Development";
				CODE_SIGN_STYLE = Automatic;
				CURRENT_PROJECT_VERSION = 1;
				DEVELOPMENT_ASSET_PATHS = "\"Wasserflug-tvOS/Preview Content\"";
				DEVELOPMENT_TEAM = 2TJ5K7WSP8;
				ENABLE_PREVIEWS = YES;
				GENERATE_INFOPLIST_FILE = YES;
				INFOPLIST_FILE = "Wasserflug-tvOS/Info.plist";
				INFOPLIST_KEY_UILaunchScreen_Generation = YES;
				INFOPLIST_KEY_UIUserInterfaceStyle = Automatic;
				LD_RUNPATH_SEARCH_PATHS = (
					"$(inherited)",
					"@executable_path/Frameworks",
				);
				MARKETING_VERSION = 1.2.0;
				PRODUCT_BUNDLE_IDENTIFIER = "com.jamesnl.Wasserflug-tvOS";
				PRODUCT_NAME = Wasserflug;
				PROVISIONING_PROFILE_SPECIFIER = "";
				SWIFT_EMIT_LOC_STRINGS = YES;
				SWIFT_VERSION = 5.0;
				TARGETED_DEVICE_FAMILY = 3;
				TVOS_DEPLOYMENT_TARGET = 15.0;
			};
			name = Debug;
		};
		E753375F27CAFAFF0010E3D2 /* Release */ = {
			isa = XCBuildConfiguration;
			buildSettings = {
				ASSETCATALOG_COMPILER_APPICON_NAME = "App Icon & Top Shelf Image";
				ASSETCATALOG_COMPILER_GLOBAL_ACCENT_COLOR_NAME = AccentColor;
				CODE_SIGN_ENTITLEMENTS = "Wasserflug-tvOS/Wasserflug-tvOS.entitlements";
				CODE_SIGN_IDENTITY = "Apple Development";
				CODE_SIGN_STYLE = Automatic;
				CURRENT_PROJECT_VERSION = 1;
				DEVELOPMENT_ASSET_PATHS = "\"Wasserflug-tvOS/Preview Content\"";
				DEVELOPMENT_TEAM = 2TJ5K7WSP8;
				ENABLE_PREVIEWS = YES;
				GENERATE_INFOPLIST_FILE = YES;
				INFOPLIST_FILE = "Wasserflug-tvOS/Info.plist";
				INFOPLIST_KEY_UILaunchScreen_Generation = YES;
				INFOPLIST_KEY_UIUserInterfaceStyle = Automatic;
				LD_RUNPATH_SEARCH_PATHS = (
					"$(inherited)",
					"@executable_path/Frameworks",
				);
				MARKETING_VERSION = 1.2.0;
				PRODUCT_BUNDLE_IDENTIFIER = "com.jamesnl.Wasserflug-tvOS";
				PRODUCT_NAME = Wasserflug;
				PROVISIONING_PROFILE_SPECIFIER = "";
				SWIFT_EMIT_LOC_STRINGS = YES;
				SWIFT_VERSION = 5.0;
				TARGETED_DEVICE_FAMILY = 3;
				TVOS_DEPLOYMENT_TARGET = 15.0;
			};
			name = Release;
		};
		E753376127CAFAFF0010E3D2 /* Debug */ = {
			isa = XCBuildConfiguration;
			buildSettings = {
				ALWAYS_EMBED_SWIFT_STANDARD_LIBRARIES = YES;
				BUNDLE_LOADER = "$(TEST_HOST)";
				CODE_SIGN_STYLE = Automatic;
				CURRENT_PROJECT_VERSION = 1;
				DEVELOPMENT_TEAM = 2TJ5K7WSP8;
				GENERATE_INFOPLIST_FILE = YES;
				MARKETING_VERSION = 1.0;
				PRODUCT_BUNDLE_IDENTIFIER = "com.jamesnl.Wasserflug-tvOSTests";
				PRODUCT_NAME = "$(TARGET_NAME)";
				SWIFT_EMIT_LOC_STRINGS = NO;
				SWIFT_VERSION = 5.0;
				TARGETED_DEVICE_FAMILY = 3;
				TEST_HOST = "$(BUILT_PRODUCTS_DIR)/Wasserflug-tvOS.app/Wasserflug-tvOS";
				TVOS_DEPLOYMENT_TARGET = 15.2;
			};
			name = Debug;
		};
		E753376227CAFAFF0010E3D2 /* Release */ = {
			isa = XCBuildConfiguration;
			buildSettings = {
				ALWAYS_EMBED_SWIFT_STANDARD_LIBRARIES = YES;
				BUNDLE_LOADER = "$(TEST_HOST)";
				CODE_SIGN_STYLE = Automatic;
				CURRENT_PROJECT_VERSION = 1;
				DEVELOPMENT_TEAM = 2TJ5K7WSP8;
				GENERATE_INFOPLIST_FILE = YES;
				MARKETING_VERSION = 1.0;
				PRODUCT_BUNDLE_IDENTIFIER = "com.jamesnl.Wasserflug-tvOSTests";
				PRODUCT_NAME = "$(TARGET_NAME)";
				SWIFT_EMIT_LOC_STRINGS = NO;
				SWIFT_VERSION = 5.0;
				TARGETED_DEVICE_FAMILY = 3;
				TEST_HOST = "$(BUILT_PRODUCTS_DIR)/Wasserflug-tvOS.app/Wasserflug-tvOS";
				TVOS_DEPLOYMENT_TARGET = 15.2;
			};
			name = Release;
		};
		E753376427CAFAFF0010E3D2 /* Debug */ = {
			isa = XCBuildConfiguration;
			buildSettings = {
				ALWAYS_EMBED_SWIFT_STANDARD_LIBRARIES = YES;
				CODE_SIGN_STYLE = Automatic;
				CURRENT_PROJECT_VERSION = 1;
				DEVELOPMENT_TEAM = 2TJ5K7WSP8;
				GENERATE_INFOPLIST_FILE = YES;
				MARKETING_VERSION = 1.0;
				PRODUCT_BUNDLE_IDENTIFIER = "com.jamesnl.Wasserflug-tvOSUITests";
				PRODUCT_NAME = "$(TARGET_NAME)";
				SWIFT_EMIT_LOC_STRINGS = NO;
				SWIFT_VERSION = 5.0;
				TARGETED_DEVICE_FAMILY = 3;
				TEST_TARGET_NAME = "Wasserflug-tvOS";
			};
			name = Debug;
		};
		E753376527CAFAFF0010E3D2 /* Release */ = {
			isa = XCBuildConfiguration;
			buildSettings = {
				ALWAYS_EMBED_SWIFT_STANDARD_LIBRARIES = YES;
				CODE_SIGN_STYLE = Automatic;
				CURRENT_PROJECT_VERSION = 1;
				DEVELOPMENT_TEAM = 2TJ5K7WSP8;
				GENERATE_INFOPLIST_FILE = YES;
				MARKETING_VERSION = 1.0;
				PRODUCT_BUNDLE_IDENTIFIER = "com.jamesnl.Wasserflug-tvOSUITests";
				PRODUCT_NAME = "$(TARGET_NAME)";
				SWIFT_EMIT_LOC_STRINGS = NO;
				SWIFT_VERSION = 5.0;
				TARGETED_DEVICE_FAMILY = 3;
				TEST_TARGET_NAME = "Wasserflug-tvOS";
			};
			name = Release;
		};
/* End XCBuildConfiguration section */

/* Begin XCConfigurationList section */
		E753373427CAFAFE0010E3D2 /* Build configuration list for PBXProject "Wasserflug-tvOS" */ = {
			isa = XCConfigurationList;
			buildConfigurations = (
				E753375B27CAFAFF0010E3D2 /* Debug */,
				E753375C27CAFAFF0010E3D2 /* Release */,
			);
			defaultConfigurationIsVisible = 0;
			defaultConfigurationName = Release;
		};
		E753375D27CAFAFF0010E3D2 /* Build configuration list for PBXNativeTarget "Wasserflug-tvOS" */ = {
			isa = XCConfigurationList;
			buildConfigurations = (
				E753375E27CAFAFF0010E3D2 /* Debug */,
				E753375F27CAFAFF0010E3D2 /* Release */,
			);
			defaultConfigurationIsVisible = 0;
			defaultConfigurationName = Release;
		};
		E753376027CAFAFF0010E3D2 /* Build configuration list for PBXNativeTarget "Wasserflug-tvOSTests" */ = {
			isa = XCConfigurationList;
			buildConfigurations = (
				E753376127CAFAFF0010E3D2 /* Debug */,
				E753376227CAFAFF0010E3D2 /* Release */,
			);
			defaultConfigurationIsVisible = 0;
			defaultConfigurationName = Release;
		};
		E753376327CAFAFF0010E3D2 /* Build configuration list for PBXNativeTarget "Wasserflug-tvOSUITests" */ = {
			isa = XCConfigurationList;
			buildConfigurations = (
				E753376427CAFAFF0010E3D2 /* Debug */,
				E753376527CAFAFF0010E3D2 /* Release */,
			);
			defaultConfigurationIsVisible = 0;
			defaultConfigurationName = Release;
		};
/* End XCConfigurationList section */

/* Begin XCRemoteSwiftPackageReference section */
		E753376627CAFF550010E3D2 /* XCRemoteSwiftPackageReference "swiftui-cached-async-image" */ = {
			isa = XCRemoteSwiftPackageReference;
			repositoryURL = "https://github.com/lorenzofiamingo/swiftui-cached-async-image";
			requirement = {
				kind = exactVersion;
				version = 2.0.0;
			};
		};
		E753376927CB01FD0010E3D2 /* XCRemoteSwiftPackageReference "vapor" */ = {
			isa = XCRemoteSwiftPackageReference;
			repositoryURL = "https://github.com/vapor/vapor";
			requirement = {
				kind = exactVersion;
				version = 4.55.0;
			};
		};
/* End XCRemoteSwiftPackageReference section */

/* Begin XCSwiftPackageProductDependency section */
		E753376727CAFF550010E3D2 /* CachedAsyncImage */ = {
			isa = XCSwiftPackageProductDependency;
			package = E753376627CAFF550010E3D2 /* XCRemoteSwiftPackageReference "swiftui-cached-async-image" */;
			productName = CachedAsyncImage;
		};
		E753376A27CB01FD0010E3D2 /* Vapor */ = {
			isa = XCSwiftPackageProductDependency;
			package = E753376927CB01FD0010E3D2 /* XCRemoteSwiftPackageReference "vapor" */;
			productName = Vapor;
		};
		E75337BB27CB07900010E3D2 /* FloatplaneAPIClient */ = {
			isa = XCSwiftPackageProductDependency;
			productName = FloatplaneAPIClient;
		};
/* End XCSwiftPackageProductDependency section */

/* Begin XCVersionGroup section */
		E71FDB7A27E66DB100A9C88B /* Wasserflug.xcdatamodeld */ = {
			isa = XCVersionGroup;
			children = (
				E71FDB7B27E66DB100A9C88B /* Wasserflug.xcdatamodel */,
			);
			currentVersion = E71FDB7B27E66DB100A9C88B /* Wasserflug.xcdatamodel */;
			path = Wasserflug.xcdatamodeld;
			sourceTree = "<group>";
			versionGroupType = wrapper.xcdatamodel;
		};
/* End XCVersionGroup section */
	};
	rootObject = E753373127CAFAFE0010E3D2 /* Project object */;
}
